
Microsoft Visual Studio Solution File, Format Version 12.00
# Visual Studio Version 16
VisualStudioVersion = 16.0.28902.138
MinimumVisualStudioVersion = 10.0.40219.1
Project("{FAE04EC0-301F-11D3-BF4B-00C04F79EFBC}") = "Sutda", "Sutda\Sutda.csproj", "{79387BFE-2DD3-4CC2-A8CF-85F9E2959B7D}"
EndProject
Project("{FAE04EC0-301F-11D3-BF4B-00C04F79EFBC}") = "SutdaUnittest", "SutdaUnittest\SutdaUnittest.csproj", "{CC02C9CE-85DD-4632-8DA4-EB35DA77BA42}"
EndProject
Global
	GlobalSection(SolutionConfigurationPlatforms) = preSolution
		Debug|Any CPU = Debug|Any CPU
		Release|Any CPU = Release|Any CPU
	EndGlobalSection
	GlobalSection(ProjectConfigurationPlatforms) = postSolution
		{79387BFE-2DD3-4CC2-A8CF-85F9E2959B7D}.Debug|Any CPU.ActiveCfg = Debug|Any CPU
		{79387BFE-2DD3-4CC2-A8CF-85F9E2959B7D}.Debug|Any CPU.Build.0 = Debug|Any CPU
		{79387BFE-2DD3-4CC2-A8CF-85F9E2959B7D}.Release|Any CPU.ActiveCfg = Release|Any CPU
		{79387BFE-2DD3-4CC2-A8CF-85F9E2959B7D}.Release|Any CPU.Build.0 = Release|Any CPU
		{CC02C9CE-85DD-4632-8DA4-EB35DA77BA42}.Debug|Any CPU.ActiveCfg = Debug|Any CPU
		{CC02C9CE-85DD-4632-8DA4-EB35DA77BA42}.Debug|Any CPU.Build.0 = Debug|Any CPU
		{CC02C9CE-85DD-4632-8DA4-EB35DA77BA42}.Release|Any CPU.ActiveCfg = Release|Any CPU
		{CC02C9CE-85DD-4632-8DA4-EB35DA77BA42}.Release|Any CPU.Build.0 = Release|Any CPU
	EndGlobalSection
	GlobalSection(SolutionProperties) = preSolution
		HideSolutionNode = FALSE
	EndGlobalSection
	GlobalSection(ExtensibilityGlobals) = postSolution
		SolutionGuid = {FCCE595A-31CC-430A-B099-80929DCD9A31}
	EndGlobalSection
EndGlobal
